
Microsoft Visual Studio Solution File, Format Version 12.00
# Visual Studio Version 16
VisualStudioVersion = 16.0.31321.278
MinimumVisualStudioVersion = 10.0.40219.1
Project("{2150E333-8FDC-42A3-9474-1A3956D46DE8}") = "Microservices", "Microservices", "{F2F1EBBB-58B6-45EF-8A10-F37FC7247D03}"
EndProject
Project("{2150E333-8FDC-42A3-9474-1A3956D46DE8}") = "Domain", "Domain", "{AD4A4210-E564-4063-A82D-440F292F5475}"
EndProject
Project("{2150E333-8FDC-42A3-9474-1A3956D46DE8}") = "Infra.Bus", "Infra.Bus", "{51DCBDD8-387A-43B4-9B2F-6082305BBA69}"
EndProject
Project("{2150E333-8FDC-42A3-9474-1A3956D46DE8}") = "Infra.IoC", "Infra.IoC", "{0AF881E3-CD4D-46F0-9764-7113EF8EE102}"
EndProject
Project("{2150E333-8FDC-42A3-9474-1A3956D46DE8}") = "Presentation", "Presentation", "{75759F23-56D1-4559-83AB-4C705F041385}"
EndProject
Project("{FAE04EC0-301F-11D3-BF4B-00C04F79EFBC}") = "MicroRabbit.Domain.Core", "MicroRabbit.Domain.Core\MicroRabbit.Domain.Core.csproj", "{A0CD4D01-0D6B-411C-8021-8A92F8ECC250}"
EndProject
Global
	GlobalSection(SolutionConfigurationPlatforms) = preSolution
		Debug|Any CPU = Debug|Any CPU
		Release|Any CPU = Release|Any CPU
	EndGlobalSection
	GlobalSection(ProjectConfigurationPlatforms) = postSolution
		{A0CD4D01-0D6B-411C-8021-8A92F8ECC250}.Debug|Any CPU.ActiveCfg = Debug|Any CPU
		{A0CD4D01-0D6B-411C-8021-8A92F8ECC250}.Debug|Any CPU.Build.0 = Debug|Any CPU
		{A0CD4D01-0D6B-411C-8021-8A92F8ECC250}.Release|Any CPU.ActiveCfg = Release|Any CPU
		{A0CD4D01-0D6B-411C-8021-8A92F8ECC250}.Release|Any CPU.Build.0 = Release|Any CPU
	EndGlobalSection
	GlobalSection(SolutionProperties) = preSolution
		HideSolutionNode = FALSE
	EndGlobalSection
	GlobalSection(NestedProjects) = preSolution
		{A0CD4D01-0D6B-411C-8021-8A92F8ECC250} = {AD4A4210-E564-4063-A82D-440F292F5475}
	EndGlobalSection
	GlobalSection(ExtensibilityGlobals) = postSolution
		SolutionGuid = {E3FD234B-6AA0-4CCA-9D9E-7EEB631C485A}
	EndGlobalSection
EndGlobal
